// !$*UTF8*$!
{
	archiveVersion = 1;
	classes = {
	};
	objectVersion = 50;
	objects = {

/* Begin PBXBuildFile section */
		304773B123CE429F000E9276 /* AppDelegate.swift in Sources */ = {isa = PBXBuildFile; fileRef = 304773B023CE429F000E9276 /* AppDelegate.swift */; };
		304773B323CE429F000E9276 /* SceneDelegate.swift in Sources */ = {isa = PBXBuildFile; fileRef = 304773B223CE429F000E9276 /* SceneDelegate.swift */; };
		304773B523CE429F000E9276 /* ContentView.swift in Sources */ = {isa = PBXBuildFile; fileRef = 304773B423CE429F000E9276 /* ContentView.swift */; };
		304773B723CE42A0000E9276 /* Assets.xcassets in Resources */ = {isa = PBXBuildFile; fileRef = 304773B623CE42A0000E9276 /* Assets.xcassets */; };
		304773BA23CE42A0000E9276 /* Preview Assets.xcassets in Resources */ = {isa = PBXBuildFile; fileRef = 304773B923CE42A0000E9276 /* Preview Assets.xcassets */; };
		304773BD23CE42A0000E9276 /* LaunchScreen.storyboard in Resources */ = {isa = PBXBuildFile; fileRef = 304773BB23CE42A0000E9276 /* LaunchScreen.storyboard */; };
		3077F81D23CF7F8D00F06C11 /* StudentListView.swift in Sources */ = {isa = PBXBuildFile; fileRef = 3077F81C23CF7F8D00F06C11 /* StudentListView.swift */; };
		3077F81F23CF7F9900F06C11 /* Student.swift in Sources */ = {isa = PBXBuildFile; fileRef = 3077F81E23CF7F9900F06C11 /* Student.swift */; };
		3077F82123CF84DA00F06C11 /* AddButton.swift in Sources */ = {isa = PBXBuildFile; fileRef = 3077F82023CF84DA00F06C11 /* AddButton.swift */; };
		3077F82523CF929300F06C11 /* Slides.swift in Sources */ = {isa = PBXBuildFile; fileRef = 3077F82423CF929300F06C11 /* Slides.swift */; };
/* End PBXBuildFile section */

/* Begin PBXFileReference section */
		304773AD23CE429F000E9276 /* my-progress.app */ = {isa = PBXFileReference; explicitFileType = wrapper.application; includeInIndex = 0; path = "my-progress.app"; sourceTree = BUILT_PRODUCTS_DIR; };
		304773B023CE429F000E9276 /* AppDelegate.swift */ = {isa = PBXFileReference; lastKnownFileType = sourcecode.swift; path = AppDelegate.swift; sourceTree = "<group>"; };
		304773B223CE429F000E9276 /* SceneDelegate.swift */ = {isa = PBXFileReference; lastKnownFileType = sourcecode.swift; path = SceneDelegate.swift; sourceTree = "<group>"; };
		304773B423CE429F000E9276 /* ContentView.swift */ = {isa = PBXFileReference; lastKnownFileType = sourcecode.swift; path = ContentView.swift; sourceTree = "<group>"; };
		304773B623CE42A0000E9276 /* Assets.xcassets */ = {isa = PBXFileReference; lastKnownFileType = folder.assetcatalog; path = Assets.xcassets; sourceTree = "<group>"; };
		304773B923CE42A0000E9276 /* Preview Assets.xcassets */ = {isa = PBXFileReference; lastKnownFileType = folder.assetcatalog; path = "Preview Assets.xcassets"; sourceTree = "<group>"; };
		304773BC23CE42A0000E9276 /* Base */ = {isa = PBXFileReference; lastKnownFileType = file.storyboard; name = Base; path = Base.lproj/LaunchScreen.storyboard; sourceTree = "<group>"; };
		304773BE23CE42A0000E9276 /* Info.plist */ = {isa = PBXFileReference; lastKnownFileType = text.plist.xml; path = Info.plist; sourceTree = "<group>"; };
		3077F81C23CF7F8D00F06C11 /* StudentListView.swift */ = {isa = PBXFileReference; lastKnownFileType = sourcecode.swift; path = StudentListView.swift; sourceTree = "<group>"; };
		3077F81E23CF7F9900F06C11 /* Student.swift */ = {isa = PBXFileReference; lastKnownFileType = sourcecode.swift; path = Student.swift; sourceTree = "<group>"; };
		3077F82023CF84DA00F06C11 /* AddButton.swift */ = {isa = PBXFileReference; lastKnownFileType = sourcecode.swift; path = AddButton.swift; sourceTree = "<group>"; };
		3077F82423CF929300F06C11 /* Slides.swift */ = {isa = PBXFileReference; lastKnownFileType = sourcecode.swift; path = Slides.swift; sourceTree = "<group>"; };
/* End PBXFileReference section */

/* Begin PBXFrameworksBuildPhase section */
		304773AA23CE429F000E9276 /* Frameworks */ = {
			isa = PBXFrameworksBuildPhase;
			buildActionMask = 2147483647;
			files = (
			);
			runOnlyForDeploymentPostprocessing = 0;
		};
/* End PBXFrameworksBuildPhase section */

/* Begin PBXGroup section */
		304773A423CE429E000E9276 = {
			isa = PBXGroup;
			children = (
				304773AF23CE429F000E9276 /* my-progress */,
				304773AE23CE429F000E9276 /* Products */,
			);
			sourceTree = "<group>";
		};
		304773AE23CE429F000E9276 /* Products */ = {
			isa = PBXGroup;
			children = (
				304773AD23CE429F000E9276 /* my-progress.app */,
			);
			name = Products;
			sourceTree = "<group>";
		};
		304773AF23CE429F000E9276 /* my-progress */ = {
			isa = PBXGroup;
			children = (
				304773B023CE429F000E9276 /* AppDelegate.swift */,
				304773B223CE429F000E9276 /* SceneDelegate.swift */,
				304773B423CE429F000E9276 /* ContentView.swift */,
				3077F81C23CF7F8D00F06C11 /* StudentListView.swift */,
				3077F82023CF84DA00F06C11 /* AddButton.swift */,
				3077F82423CF929300F06C11 /* Slides.swift */,
				3077F81E23CF7F9900F06C11 /* Student.swift */,
				304773B623CE42A0000E9276 /* Assets.xcassets */,
				304773BB23CE42A0000E9276 /* LaunchScreen.storyboard */,
				304773BE23CE42A0000E9276 /* Info.plist */,
				304773B823CE42A0000E9276 /* Preview Content */,
			);
			path = "my-progress";
			sourceTree = "<group>";
		};
		304773B823CE42A0000E9276 /* Preview Content */ = {
			isa = PBXGroup;
			children = (
				304773B923CE42A0000E9276 /* Preview Assets.xcassets */,
			);
			path = "Preview Content";
			sourceTree = "<group>";
		};
/* End PBXGroup section */

/* Begin PBXNativeTarget section */
		304773AC23CE429F000E9276 /* my-progress */ = {
			isa = PBXNativeTarget;
			buildConfigurationList = 304773C123CE42A0000E9276 /* Build configuration list for PBXNativeTarget "my-progress" */;
			buildPhases = (
				304773A923CE429F000E9276 /* Sources */,
				304773AA23CE429F000E9276 /* Frameworks */,
				304773AB23CE429F000E9276 /* Resources */,
			);
			buildRules = (
			);
			dependencies = (
			);
			name = "my-progress";
			productName = "my-progress";
			productReference = 304773AD23CE429F000E9276 /* my-progress.app */;
			productType = "com.apple.product-type.application";
		};
/* End PBXNativeTarget section */

/* Begin PBXProject section */
		304773A523CE429E000E9276 /* Project object */ = {
			isa = PBXProject;
			attributes = {
				LastSwiftUpdateCheck = 1120;
				LastUpgradeCheck = 1120;
				ORGANIZATIONNAME = "Gregory Lagranha";
				TargetAttributes = {
					304773AC23CE429F000E9276 = {
						CreatedOnToolsVersion = 11.2.1;
					};
				};
			};
			buildConfigurationList = 304773A823CE429E000E9276 /* Build configuration list for PBXProject "my-progress" */;
			compatibilityVersion = "Xcode 9.3";
			developmentRegion = en;
			hasScannedForEncodings = 0;
			knownRegions = (
				en,
				Base,
			);
			mainGroup = 304773A423CE429E000E9276;
			productRefGroup = 304773AE23CE429F000E9276 /* Products */;
			projectDirPath = "";
			projectRoot = "";
			targets = (
				304773AC23CE429F000E9276 /* my-progress */,
			);
		};
/* End PBXProject section */

/* Begin PBXResourcesBuildPhase section */
		304773AB23CE429F000E9276 /* Resources */ = {
			isa = PBXResourcesBuildPhase;
			buildActionMask = 2147483647;
			files = (
				304773BD23CE42A0000E9276 /* LaunchScreen.storyboard in Resources */,
				304773BA23CE42A0000E9276 /* Preview Assets.xcassets in Resources */,
				304773B723CE42A0000E9276 /* Assets.xcassets in Resources */,
			);
			runOnlyForDeploymentPostprocessing = 0;
		};
/* End PBXResourcesBuildPhase section */

/* Begin PBXSourcesBuildPhase section */
		304773A923CE429F000E9276 /* Sources */ = {
			isa = PBXSourcesBuildPhase;
			buildActionMask = 2147483647;
			files = (
				304773B123CE429F000E9276 /* AppDelegate.swift in Sources */,
				304773B323CE429F000E9276 /* SceneDelegate.swift in Sources */,
				304773B523CE429F000E9276 /* ContentView.swift in Sources */,
				3077F82123CF84DA00F06C11 /* AddButton.swift in Sources */,
				3077F81F23CF7F9900F06C11 /* Student.swift in Sources */,
				3077F81D23CF7F8D00F06C11 /* StudentListView.swift in Sources */,
				3077F82523CF929300F06C11 /* Slides.swift in Sources */,
			);
			runOnlyForDeploymentPostprocessing = 0;
		};
/* End PBXSourcesBuildPhase section */

/* Begin PBXVariantGroup section */
		304773BB23CE42A0000E9276 /* LaunchScreen.storyboard */ = {
			isa = PBXVariantGroup;
			children = (
				304773BC23CE42A0000E9276 /* Base */,
			);
			name = LaunchScreen.storyboard;
			sourceTree = "<group>";
		};
/* End PBXVariantGroup section */

/* Begin XCBuildConfiguration section */
		304773BF23CE42A0000E9276 /* Debug */ = {
			isa = XCBuildConfiguration;
			buildSettings = {
				ALWAYS_SEARCH_USER_PATHS = NO;
				CLANG_ANALYZER_NONNULL = YES;
				CLANG_ANALYZER_NUMBER_OBJECT_CONVERSION = YES_AGGRESSIVE;
				CLANG_CXX_LANGUAGE_STANDARD = "gnu++14";
				CLANG_CXX_LIBRARY = "libc++";
				CLANG_ENABLE_MODULES = YES;
				CLANG_ENABLE_OBJC_ARC = YES;
				CLANG_ENABLE_OBJC_WEAK = YES;
				CLANG_WARN_BLOCK_CAPTURE_AUTORELEASING = YES;
				CLANG_WARN_BOOL_CONVERSION = YES;
				CLANG_WARN_COMMA = YES;
				CLANG_WARN_CONSTANT_CONVERSION = YES;
				CLANG_WARN_DEPRECATED_OBJC_IMPLEMENTATIONS = YES;
				CLANG_WARN_DIRECT_OBJC_ISA_USAGE = YES_ERROR;
				CLANG_WARN_DOCUMENTATION_COMMENTS = YES;
				CLANG_WARN_EMPTY_BODY = YES;
				CLANG_WARN_ENUM_CONVERSION = YES;
				CLANG_WARN_INFINITE_RECURSION = YES;
				CLANG_WARN_INT_CONVERSION = YES;
				CLANG_WARN_NON_LITERAL_NULL_CONVERSION = YES;
				CLANG_WARN_OBJC_IMPLICIT_RETAIN_SELF = YES;
				CLANG_WARN_OBJC_LITERAL_CONVERSION = YES;
				CLANG_WARN_OBJC_ROOT_CLASS = YES_ERROR;
				CLANG_WARN_RANGE_LOOP_ANALYSIS = YES;
				CLANG_WARN_STRICT_PROTOTYPES = YES;
				CLANG_WARN_SUSPICIOUS_MOVE = YES;
				CLANG_WARN_UNGUARDED_AVAILABILITY = YES_AGGRESSIVE;
				CLANG_WARN_UNREACHABLE_CODE = YES;
				CLANG_WARN__DUPLICATE_METHOD_MATCH = YES;
				COPY_PHASE_STRIP = NO;
				DEBUG_INFORMATION_FORMAT = dwarf;
				ENABLE_STRICT_OBJC_MSGSEND = YES;
				ENABLE_TESTABILITY = YES;
				GCC_C_LANGUAGE_STANDARD = gnu11;
				GCC_DYNAMIC_NO_PIC = NO;
				GCC_NO_COMMON_BLOCKS = YES;
				GCC_OPTIMIZATION_LEVEL = 0;
				GCC_PREPROCESSOR_DEFINITIONS = (
					"DEBUG=1",
					"$(inherited)",
				);
				GCC_WARN_64_TO_32_BIT_CONVERSION = YES;
				GCC_WARN_ABOUT_RETURN_TYPE = YES_ERROR;
				GCC_WARN_UNDECLARED_SELECTOR = YES;
				GCC_WARN_UNINITIALIZED_AUTOS = YES_AGGRESSIVE;
				GCC_WARN_UNUSED_FUNCTION = YES;
				GCC_WARN_UNUSED_VARIABLE = YES;
				IPHONEOS_DEPLOYMENT_TARGET = 13.2;
				MTL_ENABLE_DEBUG_INFO = INCLUDE_SOURCE;
				MTL_FAST_MATH = YES;
				ONLY_ACTIVE_ARCH = YES;
				SDKROOT = iphoneos;
				SWIFT_ACTIVE_COMPILATION_CONDITIONS = DEBUG;
				SWIFT_OPTIMIZATION_LEVEL = "-Onone";
			};
			name = Debug;
		};
		304773C023CE42A0000E9276 /* Release */ = {
			isa = XCBuildConfiguration;
			buildSettings = {
				ALWAYS_SEARCH_USER_PATHS = NO;
				CLANG_ANALYZER_NONNULL = YES;
				CLANG_ANALYZER_NUMBER_OBJECT_CONVERSION = YES_AGGRESSIVE;
				CLANG_CXX_LANGUAGE_STANDARD = "gnu++14";
				CLANG_CXX_LIBRARY = "libc++";
				CLANG_ENABLE_MODULES = YES;
				CLANG_ENABLE_OBJC_ARC = YES;
				CLANG_ENABLE_OBJC_WEAK = YES;
				CLANG_WARN_BLOCK_CAPTURE_AUTORELEASING = YES;
				CLANG_WARN_BOOL_CONVERSION = YES;
				CLANG_WARN_COMMA = YES;
				CLANG_WARN_CONSTANT_CONVERSION = YES;
				CLANG_WARN_DEPRECATED_OBJC_IMPLEMENTATIONS = YES;
				CLANG_WARN_DIRECT_OBJC_ISA_USAGE = YES_ERROR;
				CLANG_WARN_DOCUMENTATION_COMMENTS = YES;
				CLANG_WARN_EMPTY_BODY = YES;
				CLANG_WARN_ENUM_CONVERSION = YES;
				CLANG_WARN_INFINITE_RECURSION = YES;
				CLANG_WARN_INT_CONVERSION = YES;
				CLANG_WARN_NON_LITERAL_NULL_CONVERSION = YES;
				CLANG_WARN_OBJC_IMPLICIT_RETAIN_SELF = YES;
				CLANG_WARN_OBJC_LITERAL_CONVERSION = YES;
				CLANG_WARN_OBJC_ROOT_CLASS = YES_ERROR;
				CLANG_WARN_RANGE_LOOP_ANALYSIS = YES;
				CLANG_WARN_STRICT_PROTOTYPES = YES;
				CLANG_WARN_SUSPICIOUS_MOVE = YES;
				CLANG_WARN_UNGUARDED_AVAILABILITY = YES_AGGRESSIVE;
				CLANG_WARN_UNREACHABLE_CODE = YES;
				CLANG_WARN__DUPLICATE_METHOD_MATCH = YES;
				COPY_PHASE_STRIP = NO;
				DEBUG_INFORMATION_FORMAT = "dwarf-with-dsym";
				ENABLE_NS_ASSERTIONS = NO;
				ENABLE_STRICT_OBJC_MSGSEND = YES;
				GCC_C_LANGUAGE_STANDARD = gnu11;
				GCC_NO_COMMON_BLOCKS = YES;
				GCC_WARN_64_TO_32_BIT_CONVERSION = YES;
				GCC_WARN_ABOUT_RETURN_TYPE = YES_ERROR;
				GCC_WARN_UNDECLARED_SELECTOR = YES;
				GCC_WARN_UNINITIALIZED_AUTOS = YES_AGGRESSIVE;
				GCC_WARN_UNUSED_FUNCTION = YES;
				GCC_WARN_UNUSED_VARIABLE = YES;
				IPHONEOS_DEPLOYMENT_TARGET = 13.2;
				MTL_ENABLE_DEBUG_INFO = NO;
				MTL_FAST_MATH = YES;
				SDKROOT = iphoneos;
				SWIFT_COMPILATION_MODE = wholemodule;
				SWIFT_OPTIMIZATION_LEVEL = "-O";
				VALIDATE_PRODUCT = YES;
			};
			name = Release;
		};
		304773C223CE42A0000E9276 /* Debug */ = {
			isa = XCBuildConfiguration;
			buildSettings = {
				ASSETCATALOG_COMPILER_APPICON_NAME = AppIcon;
				CODE_SIGN_STYLE = Automatic;
				DEVELOPMENT_ASSET_PATHS = "\"my-progress/Preview Content\"";
				ENABLE_PREVIEWS = YES;
				INFOPLIST_FILE = "my-progress/Info.plist";
				LD_RUNPATH_SEARCH_PATHS = (
					"$(inherited)",
					"@executable_path/Frameworks",
				);
				PRODUCT_BUNDLE_IDENTIFIER = "com.developer.gregorylagranha.my-progress";
				PRODUCT_NAME = "$(TARGET_NAME)";
				SWIFT_VERSION = 5.0;
				TARGETED_DEVICE_FAMILY = "1,2";
			};
			name = Debug;
		};
		304773C323CE42A0000E9276 /* Release */ = {
			isa = XCBuildConfiguration;
			buildSettings = {
				ASSETCATALOG_COMPILER_APPICON_NAME = AppIcon;
				CODE_SIGN_STYLE = Automatic;
				DEVELOPMENT_ASSET_PATHS = "\"my-progress/Preview Content\"";
				ENABLE_PREVIEWS = YES;
				INFOPLIST_FILE = "my-progress/Info.plist";
				LD_RUNPATH_SEARCH_PATHS = (
					"$(inherited)",
					"@executable_path/Frameworks",
				);
				PRODUCT_BUNDLE_IDENTIFIER = "com.developer.gregorylagranha.my-progress";
				PRODUCT_NAME = "$(TARGET_NAME)";
				SWIFT_VERSION = 5.0;
				TARGETED_DEVICE_FAMILY = "1,2";
			};
			name = Release;
		};
/* End XCBuildConfiguration section */

/* Begin XCConfigurationList section */
		304773A823CE429E000E9276 /* Build configuration list for PBXProject "my-progress" */ = {
			isa = XCConfigurationList;
			buildConfigurations = (
				304773BF23CE42A0000E9276 /* Debug */,
				304773C023CE42A0000E9276 /* Release */,
			);
			defaultConfigurationIsVisible = 0;
			defaultConfigurationName = Release;
		};
		304773C123CE42A0000E9276 /* Build configuration list for PBXNativeTarget "my-progress" */ = {
			isa = XCConfigurationList;
			buildConfigurations = (
				304773C223CE42A0000E9276 /* Debug */,
				304773C323CE42A0000E9276 /* Release */,
			);
			defaultConfigurationIsVisible = 0;
			defaultConfigurationName = Release;
		};
/* End XCConfigurationList section */
	};
	rootObject = 304773A523CE429E000E9276 /* Project object */;
}
